{"format_version":"0.1","terraform_version":"0.12.26","variables":{"region":{"value":"eu-west-2"}},"planned_values":{"outputs":{"cluster_id":{"sensitive":false,"value":[]},"driver_node_type_id":{"sensitive":false,"value":[]},"enable_elastic_disk":{"sensitive":false,"value":[]},"id":{"sensitive":false,"value":[]},"library_cran":{"sensitive":false,"value":[]},"library_egg":{"sensitive":false,"value":[]},"library_jar":{"sensitive":false,"value":[]},"library_maven":{"sensitive":false,"value":[]},"library_pypi":{"sensitive":false,"value":[]},"library_whl":{"sensitive":false,"value":[]},"state":{"sensitive":false,"value":"terraform.tfstate"}},"root_module":{"resources":[{"address":"databricks_cluster.shared_autoscaling","mode":"managed","type":"databricks_cluster","name":"shared_autoscaling","provider_name":"databricks","schema_version":2,"values":{"autoscale":[{"max_workers":4,"min_workers":1}],"autotermination_minutes":20,"aws_attributes":[],"cluster_log_conf":[],"cluster_name":"Shared Autoscaling","custom_tags":null,"docker_image":[],"enable_local_disk_encryption":null,"idempotency_token":null,"init_scripts":[],"instance_pool_id":null,"library":[],"library_cran":[],"library_egg":[],"library_jar":[],"library_maven":[],"library_pypi":[],"library_whl":[],"node_type_id":"i3.xlarge","num_workers":null,"policy_id":null,"single_user_name":null,"spark_conf":null,"spark_env_vars":null,"spark_version":"6.6.x-scala2.11","ssh_public_keys":null,"timeouts":null}}]}},"resource_changes":[{"address":"databricks_cluster.shared_autoscaling","mode":"managed","type":"databricks_cluster","name":"shared_autoscaling","provider_name":"databricks","change":{"actions":["create"],"before":null,"after":{"autoscale":[{"max_workers":4,"min_workers":1}],"autotermination_minutes":20,"aws_attributes":[],"cluster_log_conf":[],"cluster_name":"Shared Autoscaling","custom_tags":null,"docker_image":[],"enable_local_disk_encryption":null,"idempotency_token":null,"init_scripts":[],"instance_pool_id":null,"library":[],"library_cran":[],"library_egg":[],"library_jar":[],"library_maven":[],"library_pypi":[],"library_whl":[],"node_type_id":"i3.xlarge","num_workers":null,"policy_id":null,"single_user_name":null,"spark_conf":null,"spark_env_vars":null,"spark_version":"6.6.x-scala2.11","ssh_public_keys":null,"timeouts":null},"after_unknown":{"autoscale":[{}],"aws_attributes":[],"cluster_id":true,"cluster_log_conf":[],"default_tags":true,"docker_image":[],"driver_node_type_id":true,"enable_elastic_disk":true,"id":true,"init_scripts":[],"library":[],"library_cran":[],"library_egg":[],"library_jar":[],"library_maven":[],"library_pypi":[],"library_whl":[],"state":true}}}],"output_changes":{"cluster_id":{"actions":["create"],"before":null,"after":[],"after_unknown":false},"driver_node_type_id":{"actions":["create"],"before":null,"after":[],"after_unknown":false},"enable_elastic_disk":{"actions":["create"],"before":null,"after":[],"after_unknown":false},"id":{"actions":["create"],"before":null,"after":[],"after_unknown":false},"library_cran":{"actions":["create"],"before":null,"after":[],"after_unknown":false},"library_egg":{"actions":["create"],"before":null,"after":[],"after_unknown":false},"library_jar":{"actions":["create"],"before":null,"after":[],"after_unknown":false},"library_maven":{"actions":["create"],"before":null,"after":[],"after_unknown":false},"library_pypi":{"actions":["create"],"before":null,"after":[],"after_unknown":false},"library_whl":{"actions":["create"],"before":null,"after":[],"after_unknown":false},"state":{"actions":["create"],"before":null,"after":"terraform.tfstate","after_unknown":false}},"prior_state":{"format_version":"0.1","terraform_version":"0.12.26","values":{"outputs":{"cluster_id":{"sensitive":false,"value":[]},"driver_node_type_id":{"sensitive":false,"value":[]},"enable_elastic_disk":{"sensitive":false,"value":[]},"id":{"sensitive":false,"value":[]},"library_cran":{"sensitive":false,"value":[]},"library_egg":{"sensitive":false,"value":[]},"library_jar":{"sensitive":false,"value":[]},"library_maven":{"sensitive":false,"value":[]},"library_pypi":{"sensitive":false,"value":[]},"library_whl":{"sensitive":false,"value":[]},"state":{"sensitive":false,"value":"terraform.tfstate"}},"root_module":{}}},"configuration":{"provider_config":{"aws":{"name":"aws","expressions":{"region":{"references":["var.region"]}}},"databricks":{"name":"databricks","expressions":{"host":{"constant_value":"https://abc-defg-024.cloud.databricks.com/"},"token":{"constant_value":"\u003cyour PAT token\u003e"}}}},"root_module":{"outputs":{"cluster_id":{"expression":{"constant_value":[]}},"driver_node_type_id":{"expression":{"constant_value":[]}},"enable_elastic_disk":{"expression":{"constant_value":[]}},"id":{"expression":{"constant_value":[]}},"library_cran":{"expression":{"constant_value":[]}},"library_egg":{"expression":{"constant_value":[]}},"library_jar":{"expression":{"constant_value":[]}},"library_maven":{"expression":{"constant_value":[]}},"library_pypi":{"expression":{"constant_value":[]}},"library_whl":{"expression":{"constant_value":[]}},"state":{"expression":{"constant_value":"terraform.tfstate"}}},"resources":[{"address":"databricks_cluster.shared_autoscaling","mode":"managed","type":"databricks_cluster","name":"shared_autoscaling","provider_config_key":"databricks","expressions":{"autoscale":[{"max_workers":{"constant_value":4},"min_workers":{"constant_value":1}}],"autotermination_minutes":{"constant_value":20},"cluster_name":{"constant_value":"Shared Autoscaling"},"node_type_id":{"constant_value":"i3.xlarge"},"spark_version":{"constant_value":"6.6.x-scala2.11"}},"schema_version":2}],"variables":{"region":{"default":"eu-west-2"}}}}}
